
Microsoft Visual Studio Solution File, Format Version 12.00
# Visual Studio Version 17
VisualStudioVersion = 17.6.33723.286
MinimumVisualStudioVersion = 10.0.40219.1
Project("{8BC9CEB8-8B4A-11D0-8D11-00A0C91BC942}") = "GDKGamemodes", "GDKGamemodes\GDKGamemodes.vcxproj", "{CCFEC5E7-351C-4D35-B475-394F0DC4F768}"
EndProject
Project("{8BC9CEB8-8B4A-11D0-8D11-00A0C91BC942}") = "sampgdk", "sampgdk\sampgdk.vcxproj", "{2BEDCD1A-A9DC-4396-9EA3-08ED5D35AB88}"
EndProject
Project("{8BC9CEB8-8B4A-11D0-8D11-00A0C91BC942}") = "GMAPI", "GMAPI\GMAPI.vcxproj", "{F4249270-A787-4335-84EC-D222A076BF20}"
EndProject
Project("{8BC9CEB8-8B4A-11D0-8D11-00A0C91BC942}") = "SanAndreasRoleplay", "SanAndreasRoleplay\SanAndreasRoleplay.vcxproj", "{73B72446-6E1C-4784-9B3C-F92841E1D75D}"
EndProject
Global
	GlobalSection(SolutionConfigurationPlatforms) = preSolution
		Debug|x64 = Debug|x64
		Debug|x86 = Debug|x86
		Release|x64 = Release|x64
		Release|x86 = Release|x86
	EndGlobalSection
	GlobalSection(ProjectConfigurationPlatforms) = postSolution
		{CCFEC5E7-351C-4D35-B475-394F0DC4F768}.Debug|x64.ActiveCfg = Debug|x64
		{CCFEC5E7-351C-4D35-B475-394F0DC4F768}.Debug|x64.Build.0 = Debug|x64
		{CCFEC5E7-351C-4D35-B475-394F0DC4F768}.Debug|x86.ActiveCfg = Debug|Win32
		{CCFEC5E7-351C-4D35-B475-394F0DC4F768}.Debug|x86.Build.0 = Debug|Win32
		{CCFEC5E7-351C-4D35-B475-394F0DC4F768}.Release|x64.ActiveCfg = Release|x64
		{CCFEC5E7-351C-4D35-B475-394F0DC4F768}.Release|x64.Build.0 = Release|x64
		{CCFEC5E7-351C-4D35-B475-394F0DC4F768}.Release|x86.ActiveCfg = Release|Win32
		{CCFEC5E7-351C-4D35-B475-394F0DC4F768}.Release|x86.Build.0 = Release|Win32
		{2BEDCD1A-A9DC-4396-9EA3-08ED5D35AB88}.Debug|x64.ActiveCfg = Debug|x64
		{2BEDCD1A-A9DC-4396-9EA3-08ED5D35AB88}.Debug|x64.Build.0 = Debug|x64
		{2BEDCD1A-A9DC-4396-9EA3-08ED5D35AB88}.Debug|x86.ActiveCfg = Debug|Win32
		{2BEDCD1A-A9DC-4396-9EA3-08ED5D35AB88}.Debug|x86.Build.0 = Debug|Win32
		{2BEDCD1A-A9DC-4396-9EA3-08ED5D35AB88}.Release|x64.ActiveCfg = Release|x64
		{2BEDCD1A-A9DC-4396-9EA3-08ED5D35AB88}.Release|x64.Build.0 = Release|x64
		{2BEDCD1A-A9DC-4396-9EA3-08ED5D35AB88}.Release|x86.ActiveCfg = Release|Win32
		{2BEDCD1A-A9DC-4396-9EA3-08ED5D35AB88}.Release|x86.Build.0 = Release|Win32
		{F4249270-A787-4335-84EC-D222A076BF20}.Debug|x64.ActiveCfg = Debug|x64
		{F4249270-A787-4335-84EC-D222A076BF20}.Debug|x64.Build.0 = Debug|x64
		{F4249270-A787-4335-84EC-D222A076BF20}.Debug|x86.ActiveCfg = Debug|Win32
		{F4249270-A787-4335-84EC-D222A076BF20}.Debug|x86.Build.0 = Debug|Win32
		{F4249270-A787-4335-84EC-D222A076BF20}.Release|x64.ActiveCfg = Release|x64
		{F4249270-A787-4335-84EC-D222A076BF20}.Release|x64.Build.0 = Release|x64
		{F4249270-A787-4335-84EC-D222A076BF20}.Release|x86.ActiveCfg = Release|Win32
		{F4249270-A787-4335-84EC-D222A076BF20}.Release|x86.Build.0 = Release|Win32
		{73B72446-6E1C-4784-9B3C-F92841E1D75D}.Debug|x64.ActiveCfg = Debug|x64
		{73B72446-6E1C-4784-9B3C-F92841E1D75D}.Debug|x64.Build.0 = Debug|x64
		{73B72446-6E1C-4784-9B3C-F92841E1D75D}.Debug|x86.ActiveCfg = Debug|Win32
		{73B72446-6E1C-4784-9B3C-F92841E1D75D}.Debug|x86.Build.0 = Debug|Win32
		{73B72446-6E1C-4784-9B3C-F92841E1D75D}.Release|x64.ActiveCfg = Release|x64
		{73B72446-6E1C-4784-9B3C-F92841E1D75D}.Release|x64.Build.0 = Release|x64
		{73B72446-6E1C-4784-9B3C-F92841E1D75D}.Release|x86.ActiveCfg = Release|Win32
		{73B72446-6E1C-4784-9B3C-F92841E1D75D}.Release|x86.Build.0 = Release|Win32
	EndGlobalSection
	GlobalSection(SolutionProperties) = preSolution
		HideSolutionNode = FALSE
	EndGlobalSection
	GlobalSection(ExtensibilityGlobals) = postSolution
		SolutionGuid = {B2D0F4A6-38EC-4A17-B72A-E398D3A73D82}
	EndGlobalSection
EndGlobal
